
Microsoft Visual Studio Solution File, Format Version 12.00
# Visual Studio Version 17
VisualStudioVersion = 17.6.33815.320
MinimumVisualStudioVersion = 10.0.40219.1
Project("{FAE04EC0-301F-11D3-BF4B-00C04F79EFBC}") = "Inventario Ferreteria", "Inventario Ferreteria.csproj", "{D95A6EFE-327C-4E7D-A3B8-ECF7E878F8AD}"
EndProject
Global
	GlobalSection(SolutionConfigurationPlatforms) = preSolution
		Debug|Any CPU = Debug|Any CPU
		Release|Any CPU = Release|Any CPU
	EndGlobalSection
	GlobalSection(ProjectConfigurationPlatforms) = postSolution
		{D95A6EFE-327C-4E7D-A3B8-ECF7E878F8AD}.Debug|Any CPU.ActiveCfg = Debug|Any CPU
		{D95A6EFE-327C-4E7D-A3B8-ECF7E878F8AD}.Debug|Any CPU.Build.0 = Debug|Any CPU
		{D95A6EFE-327C-4E7D-A3B8-ECF7E878F8AD}.Release|Any CPU.ActiveCfg = Release|Any CPU
		{D95A6EFE-327C-4E7D-A3B8-ECF7E878F8AD}.Release|Any CPU.Build.0 = Release|Any CPU
	EndGlobalSection
	GlobalSection(SolutionProperties) = preSolution
		HideSolutionNode = FALSE
	EndGlobalSection
	GlobalSection(ExtensibilityGlobals) = postSolution
		SolutionGuid = {D8239E75-970B-4021-9B93-CF7A44120D7E}
	EndGlobalSection
EndGlobal
